# Generated by pub
# See https://dart.dev/tools/pub/glossary#lockfile
packages:
  async:
    dependency: transitive
    description:
      name: async
      sha256: db4766341bd8ecb66556f31ab891a5d596ef829221993531bd64a8e6342f0cda
      url: "https://pub.dev"
    source: hosted
    version: "2.8.2"
  collection:
    dependency: transitive
    description:
      name: collection
      sha256: "6d4193120997ecfd09acf0e313f13dc122b119e5eca87ef57a7d065ec9183762"
      url: "https://pub.dev"
    source: hosted
    version: "1.15.0"
  lints:
    dependency: "direct dev"
    description:
      name: lints
      sha256: a2c3d198cb5ea2e179926622d433331d8b58374ab8f29cdda6e863bd62fd369c
      url: "https://pub.dev"
    source: hosted
    version: "1.0.1"
  meta:
    dependency: transitive
    description:
      name: meta
      sha256: "5202fdd37b4da5fd14a237ed0a01cad6c1efd4c99b5b5a0d3c9237f3728c9485"
      url: "https://pub.dev"
    source: hosted
    version: "1.7.0"
  path:
    dependency: "direct main"
    description:
      name: path
      sha256: "2ad4cddff7f5cc0e2d13069f2a3f7a73ca18f66abd6f5ecf215219cdb3638edb"
      url: "https://pub.dev"
    source: hosted
    version: "1.8.0"
  watcher:
    dependency: "direct main"
    description:
      name: watcher
      sha256: e42dfcc48f67618344da967b10f62de57e04bae01d9d3af4c2596f3712a88c99
      url: "https://pub.dev"
    source: hosted
    version: "1.0.1"
sdks:
  dart: ">=2.14.0 <4.0.0"
